
Microsoft Visual Studio Solution File, Format Version 12.00
# Visual Studio Version 16
VisualStudioVersion = 16.0.31613.86
MinimumVisualStudioVersion = 10.0.40219.1
Project("{8BC9CEB8-8B4A-11D0-8D11-00A0C91BC942}") = "Digits Sequence Dividing", "Digits Sequence Dividing\Digits Sequence Dividing.vcxproj", "{F67F8374-4BB5-49B9-A96A-F0A807B1FDD6}"
EndProject
Global
	GlobalSection(SolutionConfigurationPlatforms) = preSolution
		Debug|x64 = Debug|x64
		Debug|x86 = Debug|x86
		Release|x64 = Release|x64
		Release|x86 = Release|x86
	EndGlobalSection
	GlobalSection(ProjectConfigurationPlatforms) = postSolution
		{F67F8374-4BB5-49B9-A96A-F0A807B1FDD6}.Debug|x64.ActiveCfg = Debug|x64
		{F67F8374-4BB5-49B9-A96A-F0A807B1FDD6}.Debug|x64.Build.0 = Debug|x64
		{F67F8374-4BB5-49B9-A96A-F0A807B1FDD6}.Debug|x86.ActiveCfg = Debug|Win32
		{F67F8374-4BB5-49B9-A96A-F0A807B1FDD6}.Debug|x86.Build.0 = Debug|Win32
		{F67F8374-4BB5-49B9-A96A-F0A807B1FDD6}.Release|x64.ActiveCfg = Release|x64
		{F67F8374-4BB5-49B9-A96A-F0A807B1FDD6}.Release|x64.Build.0 = Release|x64
		{F67F8374-4BB5-49B9-A96A-F0A807B1FDD6}.Release|x86.ActiveCfg = Release|Win32
		{F67F8374-4BB5-49B9-A96A-F0A807B1FDD6}.Release|x86.Build.0 = Release|Win32
	EndGlobalSection
	GlobalSection(SolutionProperties) = preSolution
		HideSolutionNode = FALSE
	EndGlobalSection
	GlobalSection(ExtensibilityGlobals) = postSolution
		SolutionGuid = {6F9E1E78-F880-4B7D-84A5-F8B9084FBA43}
	EndGlobalSection
EndGlobal
