
Microsoft Visual Studio Solution File, Format Version 12.00
# Visual Studio Version 17
VisualStudioVersion = 17.1.32407.343
MinimumVisualStudioVersion = 10.0.40219.1
Project("{8BC9CEB8-8B4A-11D0-8D11-00A0C91BC942}") = "C. Stripes", "C. Stripes\C. Stripes.vcxproj", "{32222333-BDC7-4840-8921-07A9CE31782B}"
EndProject
Global
	GlobalSection(SolutionConfigurationPlatforms) = preSolution
		Debug|x64 = Debug|x64
		Debug|x86 = Debug|x86
		Release|x64 = Release|x64
		Release|x86 = Release|x86
	EndGlobalSection
	GlobalSection(ProjectConfigurationPlatforms) = postSolution
		{32222333-BDC7-4840-8921-07A9CE31782B}.Debug|x64.ActiveCfg = Debug|x64
		{32222333-BDC7-4840-8921-07A9CE31782B}.Debug|x64.Build.0 = Debug|x64
		{32222333-BDC7-4840-8921-07A9CE31782B}.Debug|x86.ActiveCfg = Debug|Win32
		{32222333-BDC7-4840-8921-07A9CE31782B}.Debug|x86.Build.0 = Debug|Win32
		{32222333-BDC7-4840-8921-07A9CE31782B}.Release|x64.ActiveCfg = Release|x64
		{32222333-BDC7-4840-8921-07A9CE31782B}.Release|x64.Build.0 = Release|x64
		{32222333-BDC7-4840-8921-07A9CE31782B}.Release|x86.ActiveCfg = Release|Win32
		{32222333-BDC7-4840-8921-07A9CE31782B}.Release|x86.Build.0 = Release|Win32
	EndGlobalSection
	GlobalSection(SolutionProperties) = preSolution
		HideSolutionNode = FALSE
	EndGlobalSection
	GlobalSection(ExtensibilityGlobals) = postSolution
		SolutionGuid = {2E8263B6-C88F-4336-BC1E-A2EF08E701D4}
	EndGlobalSection
EndGlobal
