
Microsoft Visual Studio Solution File, Format Version 12.00
# Visual Studio Version 17
VisualStudioVersion = 17.1.32407.343
MinimumVisualStudioVersion = 10.0.40219.1
Project("{8BC9CEB8-8B4A-11D0-8D11-00A0C91BC942}") = "Even Odds", "Even Odds\Even Odds.vcxproj", "{E8173A63-0073-463C-9237-B1F93406D4BB}"
EndProject
Global
	GlobalSection(SolutionConfigurationPlatforms) = preSolution
		Debug|x64 = Debug|x64
		Debug|x86 = Debug|x86
		Release|x64 = Release|x64
		Release|x86 = Release|x86
	EndGlobalSection
	GlobalSection(ProjectConfigurationPlatforms) = postSolution
		{E8173A63-0073-463C-9237-B1F93406D4BB}.Debug|x64.ActiveCfg = Debug|x64
		{E8173A63-0073-463C-9237-B1F93406D4BB}.Debug|x64.Build.0 = Debug|x64
		{E8173A63-0073-463C-9237-B1F93406D4BB}.Debug|x86.ActiveCfg = Debug|Win32
		{E8173A63-0073-463C-9237-B1F93406D4BB}.Debug|x86.Build.0 = Debug|Win32
		{E8173A63-0073-463C-9237-B1F93406D4BB}.Release|x64.ActiveCfg = Release|x64
		{E8173A63-0073-463C-9237-B1F93406D4BB}.Release|x64.Build.0 = Release|x64
		{E8173A63-0073-463C-9237-B1F93406D4BB}.Release|x86.ActiveCfg = Release|Win32
		{E8173A63-0073-463C-9237-B1F93406D4BB}.Release|x86.Build.0 = Release|Win32
	EndGlobalSection
	GlobalSection(SolutionProperties) = preSolution
		HideSolutionNode = FALSE
	EndGlobalSection
	GlobalSection(ExtensibilityGlobals) = postSolution
		SolutionGuid = {BDCABDF1-DF87-4D29-B09C-7574CA4C2DE8}
	EndGlobalSection
EndGlobal
