
Microsoft Visual Studio Solution File, Format Version 12.00
# Visual Studio Version 17
VisualStudioVersion = 17.1.32407.343
MinimumVisualStudioVersion = 10.0.40219.1
Project("{8BC9CEB8-8B4A-11D0-8D11-00A0C91BC942}") = "B. Ternary String", "B. Ternary String\B. Ternary String.vcxproj", "{169271F1-73B6-4071-809F-8A4F6CD7D791}"
EndProject
Global
	GlobalSection(SolutionConfigurationPlatforms) = preSolution
		Debug|x64 = Debug|x64
		Debug|x86 = Debug|x86
		Release|x64 = Release|x64
		Release|x86 = Release|x86
	EndGlobalSection
	GlobalSection(ProjectConfigurationPlatforms) = postSolution
		{169271F1-73B6-4071-809F-8A4F6CD7D791}.Debug|x64.ActiveCfg = Debug|x64
		{169271F1-73B6-4071-809F-8A4F6CD7D791}.Debug|x64.Build.0 = Debug|x64
		{169271F1-73B6-4071-809F-8A4F6CD7D791}.Debug|x86.ActiveCfg = Debug|Win32
		{169271F1-73B6-4071-809F-8A4F6CD7D791}.Debug|x86.Build.0 = Debug|Win32
		{169271F1-73B6-4071-809F-8A4F6CD7D791}.Release|x64.ActiveCfg = Release|x64
		{169271F1-73B6-4071-809F-8A4F6CD7D791}.Release|x64.Build.0 = Release|x64
		{169271F1-73B6-4071-809F-8A4F6CD7D791}.Release|x86.ActiveCfg = Release|Win32
		{169271F1-73B6-4071-809F-8A4F6CD7D791}.Release|x86.Build.0 = Release|Win32
	EndGlobalSection
	GlobalSection(SolutionProperties) = preSolution
		HideSolutionNode = FALSE
	EndGlobalSection
	GlobalSection(ExtensibilityGlobals) = postSolution
		SolutionGuid = {F170F3A7-5196-4C03-82F0-1BA9525B0036}
	EndGlobalSection
EndGlobal
