
Microsoft Visual Studio Solution File, Format Version 12.00
# Visual Studio Version 17
VisualStudioVersion = 17.3.32825.248
MinimumVisualStudioVersion = 10.0.40219.1
Project("{8BC9CEB8-8B4A-11D0-8D11-00A0C91BC942}") = "B. Rule of League", "B. Rule of League\B. Rule of League.vcxproj", "{5650C3D7-B36F-4AF1-A524-3A13EE1B634B}"
EndProject
Global
	GlobalSection(SolutionConfigurationPlatforms) = preSolution
		Debug|x64 = Debug|x64
		Debug|x86 = Debug|x86
		Release|x64 = Release|x64
		Release|x86 = Release|x86
	EndGlobalSection
	GlobalSection(ProjectConfigurationPlatforms) = postSolution
		{5650C3D7-B36F-4AF1-A524-3A13EE1B634B}.Debug|x64.ActiveCfg = Debug|x64
		{5650C3D7-B36F-4AF1-A524-3A13EE1B634B}.Debug|x64.Build.0 = Debug|x64
		{5650C3D7-B36F-4AF1-A524-3A13EE1B634B}.Debug|x86.ActiveCfg = Debug|Win32
		{5650C3D7-B36F-4AF1-A524-3A13EE1B634B}.Debug|x86.Build.0 = Debug|Win32
		{5650C3D7-B36F-4AF1-A524-3A13EE1B634B}.Release|x64.ActiveCfg = Release|x64
		{5650C3D7-B36F-4AF1-A524-3A13EE1B634B}.Release|x64.Build.0 = Release|x64
		{5650C3D7-B36F-4AF1-A524-3A13EE1B634B}.Release|x86.ActiveCfg = Release|Win32
		{5650C3D7-B36F-4AF1-A524-3A13EE1B634B}.Release|x86.Build.0 = Release|Win32
	EndGlobalSection
	GlobalSection(SolutionProperties) = preSolution
		HideSolutionNode = FALSE
	EndGlobalSection
	GlobalSection(ExtensibilityGlobals) = postSolution
		SolutionGuid = {8A1542D5-DA41-41B6-BE74-A7DA79FE2D55}
	EndGlobalSection
EndGlobal
