
Microsoft Visual Studio Solution File, Format Version 12.00
# Visual Studio Version 16
VisualStudioVersion = 16.0.31613.86
MinimumVisualStudioVersion = 10.0.40219.1
Project("{8BC9CEB8-8B4A-11D0-8D11-00A0C91BC942}") = "Three Strings", "Three Strings\Three Strings.vcxproj", "{29A4A57A-A963-485B-9BE6-268C3E57D6B5}"
EndProject
Global
	GlobalSection(SolutionConfigurationPlatforms) = preSolution
		Debug|x64 = Debug|x64
		Debug|x86 = Debug|x86
		Release|x64 = Release|x64
		Release|x86 = Release|x86
	EndGlobalSection
	GlobalSection(ProjectConfigurationPlatforms) = postSolution
		{29A4A57A-A963-485B-9BE6-268C3E57D6B5}.Debug|x64.ActiveCfg = Debug|x64
		{29A4A57A-A963-485B-9BE6-268C3E57D6B5}.Debug|x64.Build.0 = Debug|x64
		{29A4A57A-A963-485B-9BE6-268C3E57D6B5}.Debug|x86.ActiveCfg = Debug|Win32
		{29A4A57A-A963-485B-9BE6-268C3E57D6B5}.Debug|x86.Build.0 = Debug|Win32
		{29A4A57A-A963-485B-9BE6-268C3E57D6B5}.Release|x64.ActiveCfg = Release|x64
		{29A4A57A-A963-485B-9BE6-268C3E57D6B5}.Release|x64.Build.0 = Release|x64
		{29A4A57A-A963-485B-9BE6-268C3E57D6B5}.Release|x86.ActiveCfg = Release|Win32
		{29A4A57A-A963-485B-9BE6-268C3E57D6B5}.Release|x86.Build.0 = Release|Win32
	EndGlobalSection
	GlobalSection(SolutionProperties) = preSolution
		HideSolutionNode = FALSE
	EndGlobalSection
	GlobalSection(ExtensibilityGlobals) = postSolution
		SolutionGuid = {FE148656-05D1-4AEC-9109-ECC460D4D8F7}
	EndGlobalSection
EndGlobal
