
Microsoft Visual Studio Solution File, Format Version 12.00
# Visual Studio Version 17
VisualStudioVersion = 17.1.32407.343
MinimumVisualStudioVersion = 10.0.40219.1
Project("{8BC9CEB8-8B4A-11D0-8D11-00A0C91BC942}") = "A. Madoka and Strange Thoughts", "A. Madoka and Strange Thoughts\A. Madoka and Strange Thoughts.vcxproj", "{C1FDC7DA-B677-4378-9BF8-5B75602D7B94}"
EndProject
Global
	GlobalSection(SolutionConfigurationPlatforms) = preSolution
		Debug|x64 = Debug|x64
		Debug|x86 = Debug|x86
		Release|x64 = Release|x64
		Release|x86 = Release|x86
	EndGlobalSection
	GlobalSection(ProjectConfigurationPlatforms) = postSolution
		{C1FDC7DA-B677-4378-9BF8-5B75602D7B94}.Debug|x64.ActiveCfg = Debug|x64
		{C1FDC7DA-B677-4378-9BF8-5B75602D7B94}.Debug|x64.Build.0 = Debug|x64
		{C1FDC7DA-B677-4378-9BF8-5B75602D7B94}.Debug|x86.ActiveCfg = Debug|Win32
		{C1FDC7DA-B677-4378-9BF8-5B75602D7B94}.Debug|x86.Build.0 = Debug|Win32
		{C1FDC7DA-B677-4378-9BF8-5B75602D7B94}.Release|x64.ActiveCfg = Release|x64
		{C1FDC7DA-B677-4378-9BF8-5B75602D7B94}.Release|x64.Build.0 = Release|x64
		{C1FDC7DA-B677-4378-9BF8-5B75602D7B94}.Release|x86.ActiveCfg = Release|Win32
		{C1FDC7DA-B677-4378-9BF8-5B75602D7B94}.Release|x86.Build.0 = Release|Win32
	EndGlobalSection
	GlobalSection(SolutionProperties) = preSolution
		HideSolutionNode = FALSE
	EndGlobalSection
	GlobalSection(ExtensibilityGlobals) = postSolution
		SolutionGuid = {1784F520-2B91-4AB5-9F4D-149AA04BFFC1}
	EndGlobalSection
EndGlobal
